// !$*UTF8*$!
{
	archiveVersion = 1;
	classes = {
	};
	objectVersion = 46;
	objects = {

/* Begin PBXBuildFile section */
		887EFD9115A4A365009F7153 /* CartoDBClientTests.m in Sources */ = {isa = PBXBuildFile; fileRef = 887EFD8D15A4A365009F7153 /* CartoDBClientTests.m */; };
		887EFD9215A4A365009F7153 /* CartoDBDataProviderHTTPTests.m in Sources */ = {isa = PBXBuildFile; fileRef = 887EFD8E15A4A365009F7153 /* CartoDBDataProviderHTTPTests.m */; };
		887EFD9315A4A365009F7153 /* CartoDBDataProviderStatic.m in Sources */ = {isa = PBXBuildFile; fileRef = 887EFD8F15A4A365009F7153 /* CartoDBDataProviderStatic.m */; };
		887EFD9415A4A365009F7153 /* CartoDBResponseTests.m in Sources */ = {isa = PBXBuildFile; fileRef = 887EFD9015A4A365009F7153 /* CartoDBResponseTests.m */; };
		887EFDA515A4A37B009F7153 /* CartoDBClient.m in Sources */ = {isa = PBXBuildFile; fileRef = 887EFD9E15A4A37B009F7153 /* CartoDBClient.m */; };
		887EFDA615A4A37B009F7153 /* CartoDBCredentials.m in Sources */ = {isa = PBXBuildFile; fileRef = 887EFD9F15A4A37B009F7153 /* CartoDBCredentials.m */; };
		887EFDA715A4A37B009F7153 /* CartoDBCredentialsApiKey.m in Sources */ = {isa = PBXBuildFile; fileRef = 887EFDA015A4A37B009F7153 /* CartoDBCredentialsApiKey.m */; };
		887EFDA815A4A37B009F7153 /* CartoDBDataProvider.m in Sources */ = {isa = PBXBuildFile; fileRef = 887EFDA115A4A37B009F7153 /* CartoDBDataProvider.m */; };
		887EFDA915A4A37B009F7153 /* CartoDBDataProviderHTTP.m in Sources */ = {isa = PBXBuildFile; fileRef = 887EFDA215A4A37B009F7153 /* CartoDBDataProviderHTTP.m */; };
		887EFDAA15A4A37B009F7153 /* CartoDBResponse.m in Sources */ = {isa = PBXBuildFile; fileRef = 887EFDA315A4A37B009F7153 /* CartoDBResponse.m */; };
		887EFDAB15A4A37B009F7153 /* NSError+Log.m in Sources */ = {isa = PBXBuildFile; fileRef = 887EFDA415A4A37B009F7153 /* NSError+Log.m */; };
		88A7576215936978003A767E /* UIKit.framework in Frameworks */ = {isa = PBXBuildFile; fileRef = 88A7576115936978003A767E /* UIKit.framework */; };
		88A7576415936978003A767E /* Foundation.framework in Frameworks */ = {isa = PBXBuildFile; fileRef = 88A7576315936978003A767E /* Foundation.framework */; };
		88A7576615936978003A767E /* CoreGraphics.framework in Frameworks */ = {isa = PBXBuildFile; fileRef = 88A7576515936978003A767E /* CoreGraphics.framework */; };
		88A7576E15936978003A767E /* main.m in Sources */ = {isa = PBXBuildFile; fileRef = 88A7576D15936978003A767E /* main.m */; };
		88A7577215936978003A767E /* AppDelegate.m in Sources */ = {isa = PBXBuildFile; fileRef = 88A7577115936978003A767E /* AppDelegate.m */; };
		88A7577A15936978003A767E /* SenTestingKit.framework in Frameworks */ = {isa = PBXBuildFile; fileRef = 88A7577915936978003A767E /* SenTestingKit.framework */; };
		88A7577B15936978003A767E /* UIKit.framework in Frameworks */ = {isa = PBXBuildFile; fileRef = 88A7576115936978003A767E /* UIKit.framework */; };
		88A7577C15936978003A767E /* Foundation.framework in Frameworks */ = {isa = PBXBuildFile; fileRef = 88A7576315936978003A767E /* Foundation.framework */; };
		88B17DE71599B66000F0DBEC /* SBJsonParser.m in Sources */ = {isa = PBXBuildFile; fileRef = 88B17DD11599B66000F0DBEC /* SBJsonParser.m */; };
		88B17DE81599B66000F0DBEC /* SBJsonStreamParser.m in Sources */ = {isa = PBXBuildFile; fileRef = 88B17DD31599B66000F0DBEC /* SBJsonStreamParser.m */; };
		88B17DE91599B66000F0DBEC /* SBJsonStreamParserAccumulator.m in Sources */ = {isa = PBXBuildFile; fileRef = 88B17DD51599B66000F0DBEC /* SBJsonStreamParserAccumulator.m */; };
		88B17DEA1599B66000F0DBEC /* SBJsonStreamParserAdapter.m in Sources */ = {isa = PBXBuildFile; fileRef = 88B17DD71599B66000F0DBEC /* SBJsonStreamParserAdapter.m */; };
		88B17DEB1599B66000F0DBEC /* SBJsonStreamParserState.m in Sources */ = {isa = PBXBuildFile; fileRef = 88B17DD91599B66000F0DBEC /* SBJsonStreamParserState.m */; };
		88B17DEF1599B66000F0DBEC /* SBJsonTokeniser.m in Sources */ = {isa = PBXBuildFile; fileRef = 88B17DE11599B66000F0DBEC /* SBJsonTokeniser.m */; };
		88B17DF01599B66000F0DBEC /* SBJsonUTF8Stream.m in Sources */ = {isa = PBXBuildFile; fileRef = 88B17DE31599B66000F0DBEC /* SBJsonUTF8Stream.m */; };
		88E57E1B1593C4EE00583FB9 /* MainViewController.m in Sources */ = {isa = PBXBuildFile; fileRef = 88E57E191593C4EE00583FB9 /* MainViewController.m */; };
		88E57E1C1593C4EE00583FB9 /* MainViewController.xib in Resources */ = {isa = PBXBuildFile; fileRef = 88E57E1A1593C4EE00583FB9 /* MainViewController.xib */; };
		88E57E251593D79100583FB9 /* InfoPlist.strings in Resources */ = {isa = PBXBuildFile; fileRef = 88E57E261593D79100583FB9 /* InfoPlist.strings */; };
/* End PBXBuildFile section */

/* Begin PBXContainerItemProxy section */
		88A7577D15936978003A767E /* PBXContainerItemProxy */ = {
			isa = PBXContainerItemProxy;
			containerPortal = 88A7575415936977003A767E /* Project object */;
			proxyType = 1;
			remoteGlobalIDString = 88A7575C15936978003A767E;
			remoteInfo = "cartoDB-client";
		};
/* End PBXContainerItemProxy section */

/* Begin PBXFileReference section */
		887EFD8915A4A365009F7153 /* CartoDBClientTests.h */ = {isa = PBXFileReference; fileEncoding = 4; lastKnownFileType = sourcecode.c.h; name = CartoDBClientTests.h; path = client/tests/CartoDBClientTests.h; sourceTree = SOURCE_ROOT; };
		887EFD8A15A4A365009F7153 /* CartoDBDataProviderHTTPTests.h */ = {isa = PBXFileReference; fileEncoding = 4; lastKnownFileType = sourcecode.c.h; name = CartoDBDataProviderHTTPTests.h; path = client/tests/CartoDBDataProviderHTTPTests.h; sourceTree = SOURCE_ROOT; };
		887EFD8B15A4A365009F7153 /* CartoDBDataProviderStatic.h */ = {isa = PBXFileReference; fileEncoding = 4; lastKnownFileType = sourcecode.c.h; name = CartoDBDataProviderStatic.h; path = client/tests/CartoDBDataProviderStatic.h; sourceTree = SOURCE_ROOT; };
		887EFD8C15A4A365009F7153 /* CartoDBResponseTests.h */ = {isa = PBXFileReference; fileEncoding = 4; lastKnownFileType = sourcecode.c.h; name = CartoDBResponseTests.h; path = client/tests/CartoDBResponseTests.h; sourceTree = SOURCE_ROOT; };
		887EFD8D15A4A365009F7153 /* CartoDBClientTests.m */ = {isa = PBXFileReference; fileEncoding = 4; lastKnownFileType = sourcecode.c.objc; name = CartoDBClientTests.m; path = client/tests/CartoDBClientTests.m; sourceTree = SOURCE_ROOT; };
		887EFD8E15A4A365009F7153 /* CartoDBDataProviderHTTPTests.m */ = {isa = PBXFileReference; fileEncoding = 4; lastKnownFileType = sourcecode.c.objc; name = CartoDBDataProviderHTTPTests.m; path = client/tests/CartoDBDataProviderHTTPTests.m; sourceTree = SOURCE_ROOT; };
		887EFD8F15A4A365009F7153 /* CartoDBDataProviderStatic.m */ = {isa = PBXFileReference; fileEncoding = 4; lastKnownFileType = sourcecode.c.objc; name = CartoDBDataProviderStatic.m; path = client/tests/CartoDBDataProviderStatic.m; sourceTree = SOURCE_ROOT; };
		887EFD9015A4A365009F7153 /* CartoDBResponseTests.m */ = {isa = PBXFileReference; fileEncoding = 4; lastKnownFileType = sourcecode.c.objc; name = CartoDBResponseTests.m; path = client/tests/CartoDBResponseTests.m; sourceTree = SOURCE_ROOT; };
		887EFD9515A4A37B009F7153 /* CartoDB.h */ = {isa = PBXFileReference; fileEncoding = 4; lastKnownFileType = sourcecode.c.h; name = CartoDB.h; path = client/classes/CartoDB.h; sourceTree = SOURCE_ROOT; };
		887EFD9615A4A37B009F7153 /* CartoDBClient.h */ = {isa = PBXFileReference; fileEncoding = 4; lastKnownFileType = sourcecode.c.h; name = CartoDBClient.h; path = client/classes/CartoDBClient.h; sourceTree = SOURCE_ROOT; };
		887EFD9715A4A37B009F7153 /* CartoDBCredentials.h */ = {isa = PBXFileReference; fileEncoding = 4; lastKnownFileType = sourcecode.c.h; name = CartoDBCredentials.h; path = client/classes/CartoDBCredentials.h; sourceTree = SOURCE_ROOT; };
		887EFD9815A4A37B009F7153 /* CartoDBCredentialsApiKey.h */ = {isa = PBXFileReference; fileEncoding = 4; lastKnownFileType = sourcecode.c.h; name = CartoDBCredentialsApiKey.h; path = client/classes/CartoDBCredentialsApiKey.h; sourceTree = SOURCE_ROOT; };
		887EFD9915A4A37B009F7153 /* CartoDBDataProvider.h */ = {isa = PBXFileReference; fileEncoding = 4; lastKnownFileType = sourcecode.c.h; name = CartoDBDataProvider.h; path = client/classes/CartoDBDataProvider.h; sourceTree = SOURCE_ROOT; };
		887EFD9A15A4A37B009F7153 /* CartoDBDataProviderHTTP.h */ = {isa = PBXFileReference; fileEncoding = 4; lastKnownFileType = sourcecode.c.h; name = CartoDBDataProviderHTTP.h; path = client/classes/CartoDBDataProviderHTTP.h; sourceTree = SOURCE_ROOT; };
		887EFD9B15A4A37B009F7153 /* CartoDBResponse.h */ = {isa = PBXFileReference; fileEncoding = 4; lastKnownFileType = sourcecode.c.h; name = CartoDBResponse.h; path = client/classes/CartoDBResponse.h; sourceTree = SOURCE_ROOT; };
		887EFD9C15A4A37B009F7153 /* macros.h */ = {isa = PBXFileReference; fileEncoding = 4; lastKnownFileType = sourcecode.c.h; name = macros.h; path = client/classes/macros.h; sourceTree = SOURCE_ROOT; };
		887EFD9D15A4A37B009F7153 /* NSError+Log.h */ = {isa = PBXFileReference; fileEncoding = 4; lastKnownFileType = sourcecode.c.h; name = "NSError+Log.h"; path = "client/classes/NSError+Log.h"; sourceTree = SOURCE_ROOT; };
		887EFD9E15A4A37B009F7153 /* CartoDBClient.m */ = {isa = PBXFileReference; fileEncoding = 4; lastKnownFileType = sourcecode.c.objc; name = CartoDBClient.m; path = client/classes/CartoDBClient.m; sourceTree = SOURCE_ROOT; };
		887EFD9F15A4A37B009F7153 /* CartoDBCredentials.m */ = {isa = PBXFileReference; fileEncoding = 4; lastKnownFileType = sourcecode.c.objc; name = CartoDBCredentials.m; path = client/classes/CartoDBCredentials.m; sourceTree = SOURCE_ROOT; };
		887EFDA015A4A37B009F7153 /* CartoDBCredentialsApiKey.m */ = {isa = PBXFileReference; fileEncoding = 4; lastKnownFileType = sourcecode.c.objc; name = CartoDBCredentialsApiKey.m; path = client/classes/CartoDBCredentialsApiKey.m; sourceTree = SOURCE_ROOT; };
		887EFDA115A4A37B009F7153 /* CartoDBDataProvider.m */ = {isa = PBXFileReference; fileEncoding = 4; lastKnownFileType = sourcecode.c.objc; name = CartoDBDataProvider.m; path = client/classes/CartoDBDataProvider.m; sourceTree = SOURCE_ROOT; };
		887EFDA215A4A37B009F7153 /* CartoDBDataProviderHTTP.m */ = {isa = PBXFileReference; fileEncoding = 4; lastKnownFileType = sourcecode.c.objc; name = CartoDBDataProviderHTTP.m; path = client/classes/CartoDBDataProviderHTTP.m; sourceTree = SOURCE_ROOT; };
		887EFDA315A4A37B009F7153 /* CartoDBResponse.m */ = {isa = PBXFileReference; fileEncoding = 4; lastKnownFileType = sourcecode.c.objc; name = CartoDBResponse.m; path = client/classes/CartoDBResponse.m; sourceTree = SOURCE_ROOT; };
		887EFDA415A4A37B009F7153 /* NSError+Log.m */ = {isa = PBXFileReference; fileEncoding = 4; lastKnownFileType = sourcecode.c.objc; name = "NSError+Log.m"; path = "client/classes/NSError+Log.m"; sourceTree = SOURCE_ROOT; };
		88A7575D15936978003A767E /* cartoDB_client.app */ = {isa = PBXFileReference; explicitFileType = wrapper.application; includeInIndex = 0; path = cartoDB_client.app; sourceTree = BUILT_PRODUCTS_DIR; };
		88A7576115936978003A767E /* UIKit.framework */ = {isa = PBXFileReference; lastKnownFileType = wrapper.framework; name = UIKit.framework; path = System/Library/Frameworks/UIKit.framework; sourceTree = SDKROOT; };
		88A7576315936978003A767E /* Foundation.framework */ = {isa = PBXFileReference; lastKnownFileType = wrapper.framework; name = Foundation.framework; path = System/Library/Frameworks/Foundation.framework; sourceTree = SDKROOT; };
		88A7576515936978003A767E /* CoreGraphics.framework */ = {isa = PBXFileReference; lastKnownFileType = wrapper.framework; name = CoreGraphics.framework; path = System/Library/Frameworks/CoreGraphics.framework; sourceTree = SDKROOT; };
		88A7576915936978003A767E /* cartoDB_client-Info.plist */ = {isa = PBXFileReference; lastKnownFileType = text.plist.xml; path = "cartoDB_client-Info.plist"; sourceTree = "<group>"; };
		88A7576D15936978003A767E /* main.m */ = {isa = PBXFileReference; lastKnownFileType = sourcecode.c.objc; path = main.m; sourceTree = "<group>"; };
		88A7576F15936978003A767E /* cartoDB_client-Prefix.pch */ = {isa = PBXFileReference; lastKnownFileType = sourcecode.c.h; path = "cartoDB_client-Prefix.pch"; sourceTree = "<group>"; };
		88A7577015936978003A767E /* AppDelegate.h */ = {isa = PBXFileReference; lastKnownFileType = sourcecode.c.h; path = AppDelegate.h; sourceTree = "<group>"; };
		88A7577115936978003A767E /* AppDelegate.m */ = {isa = PBXFileReference; lastKnownFileType = sourcecode.c.objc; path = AppDelegate.m; sourceTree = "<group>"; };
		88A7577815936978003A767E /* cartoDB_clientTests.octest */ = {isa = PBXFileReference; explicitFileType = wrapper.cfbundle; includeInIndex = 0; path = cartoDB_clientTests.octest; sourceTree = BUILT_PRODUCTS_DIR; };
		88A7577915936978003A767E /* SenTestingKit.framework */ = {isa = PBXFileReference; lastKnownFileType = wrapper.framework; name = SenTestingKit.framework; path = Library/Frameworks/SenTestingKit.framework; sourceTree = DEVELOPER_DIR; };
		88B17DCF1599B66000F0DBEC /* SBJson.h */ = {isa = PBXFileReference; fileEncoding = 4; lastKnownFileType = sourcecode.c.h; path = SBJson.h; sourceTree = "<group>"; };
		88B17DD01599B66000F0DBEC /* SBJsonParser.h */ = {isa = PBXFileReference; fileEncoding = 4; lastKnownFileType = sourcecode.c.h; path = SBJsonParser.h; sourceTree = "<group>"; };
		88B17DD11599B66000F0DBEC /* SBJsonParser.m */ = {isa = PBXFileReference; fileEncoding = 4; lastKnownFileType = sourcecode.c.objc; path = SBJsonParser.m; sourceTree = "<group>"; };
		88B17DD21599B66000F0DBEC /* SBJsonStreamParser.h */ = {isa = PBXFileReference; fileEncoding = 4; lastKnownFileType = sourcecode.c.h; path = SBJsonStreamParser.h; sourceTree = "<group>"; };
		88B17DD31599B66000F0DBEC /* SBJsonStreamParser.m */ = {isa = PBXFileReference; fileEncoding = 4; lastKnownFileType = sourcecode.c.objc; path = SBJsonStreamParser.m; sourceTree = "<group>"; };
		88B17DD41599B66000F0DBEC /* SBJsonStreamParserAccumulator.h */ = {isa = PBXFileReference; fileEncoding = 4; lastKnownFileType = sourcecode.c.h; path = SBJsonStreamParserAccumulator.h; sourceTree = "<group>"; };
		88B17DD51599B66000F0DBEC /* SBJsonStreamParserAccumulator.m */ = {isa = PBXFileReference; fileEncoding = 4; lastKnownFileType = sourcecode.c.objc; path = SBJsonStreamParserAccumulator.m; sourceTree = "<group>"; };
		88B17DD61599B66000F0DBEC /* SBJsonStreamParserAdapter.h */ = {isa = PBXFileReference; fileEncoding = 4; lastKnownFileType = sourcecode.c.h; path = SBJsonStreamParserAdapter.h; sourceTree = "<group>"; };
		88B17DD71599B66000F0DBEC /* SBJsonStreamParserAdapter.m */ = {isa = PBXFileReference; fileEncoding = 4; lastKnownFileType = sourcecode.c.objc; path = SBJsonStreamParserAdapter.m; sourceTree = "<group>"; };
		88B17DD81599B66000F0DBEC /* SBJsonStreamParserState.h */ = {isa = PBXFileReference; fileEncoding = 4; lastKnownFileType = sourcecode.c.h; path = SBJsonStreamParserState.h; sourceTree = "<group>"; };
		88B17DD91599B66000F0DBEC /* SBJsonStreamParserState.m */ = {isa = PBXFileReference; fileEncoding = 4; lastKnownFileType = sourcecode.c.objc; path = SBJsonStreamParserState.m; sourceTree = "<group>"; };
		88B17DDA1599B66000F0DBEC /* SBJsonStreamWriter.h */ = {isa = PBXFileReference; fileEncoding = 4; lastKnownFileType = sourcecode.c.h; path = SBJsonStreamWriter.h; sourceTree = "<group>"; };
		88B17DE01599B66000F0DBEC /* SBJsonTokeniser.h */ = {isa = PBXFileReference; fileEncoding = 4; lastKnownFileType = sourcecode.c.h; path = SBJsonTokeniser.h; sourceTree = "<group>"; };
		88B17DE11599B66000F0DBEC /* SBJsonTokeniser.m */ = {isa = PBXFileReference; fileEncoding = 4; lastKnownFileType = sourcecode.c.objc; path = SBJsonTokeniser.m; sourceTree = "<group>"; };
		88B17DE21599B66000F0DBEC /* SBJsonUTF8Stream.h */ = {isa = PBXFileReference; fileEncoding = 4; lastKnownFileType = sourcecode.c.h; path = SBJsonUTF8Stream.h; sourceTree = "<group>"; };
		88B17DE31599B66000F0DBEC /* SBJsonUTF8Stream.m */ = {isa = PBXFileReference; fileEncoding = 4; lastKnownFileType = sourcecode.c.objc; path = SBJsonUTF8Stream.m; sourceTree = "<group>"; };
		88E57E181593C4EE00583FB9 /* MainViewController.h */ = {isa = PBXFileReference; fileEncoding = 4; lastKnownFileType = sourcecode.c.h; path = MainViewController.h; sourceTree = "<group>"; };
		88E57E191593C4EE00583FB9 /* MainViewController.m */ = {isa = PBXFileReference; fileEncoding = 4; lastKnownFileType = sourcecode.c.objc; path = MainViewController.m; sourceTree = "<group>"; wrapsLines = 0; };
		88E57E1A1593C4EE00583FB9 /* MainViewController.xib */ = {isa = PBXFileReference; fileEncoding = 4; lastKnownFileType = file.xib; path = MainViewController.xib; sourceTree = "<group>"; };
		88E57E261593D79100583FB9 /* InfoPlist.strings */ = {isa = PBXFileReference; lastKnownFileType = text.plist.strings; path = InfoPlist.strings; sourceTree = "<group>"; };
/* End PBXFileReference section */

/* Begin PBXFrameworksBuildPhase section */
		88A7575A15936978003A767E /* Frameworks */ = {
			isa = PBXFrameworksBuildPhase;
			buildActionMask = 2147483647;
			files = (
				88A7576215936978003A767E /* UIKit.framework in Frameworks */,
				88A7576415936978003A767E /* Foundation.framework in Frameworks */,
				88A7576615936978003A767E /* CoreGraphics.framework in Frameworks */,
			);
			runOnlyForDeploymentPostprocessing = 0;
		};
		88A7577415936978003A767E /* Frameworks */ = {
			isa = PBXFrameworksBuildPhase;
			buildActionMask = 2147483647;
			files = (
				88A7577A15936978003A767E /* SenTestingKit.framework in Frameworks */,
				88A7577B15936978003A767E /* UIKit.framework in Frameworks */,
				88A7577C15936978003A767E /* Foundation.framework in Frameworks */,
			);
			runOnlyForDeploymentPostprocessing = 0;
		};
/* End PBXFrameworksBuildPhase section */

/* Begin PBXGroup section */
		88A7575215936977003A767E = {
			isa = PBXGroup;
			children = (
				88B17DCC1599B66000F0DBEC /* json-framework */,
				88A7580615937252003A767E /* client */,
				88A7576715936978003A767E /* sample_application */,
				88A7577F15936978003A767E /* cartoDB_clientTests */,
				88A7576015936978003A767E /* Frameworks */,
				88A7575E15936978003A767E /* Products */,
			);
			sourceTree = "<group>";
		};
		88A7575E15936978003A767E /* Products */ = {
			isa = PBXGroup;
			children = (
				88A7575D15936978003A767E /* cartoDB_client.app */,
				88A7577815936978003A767E /* cartoDB_clientTests.octest */,
			);
			name = Products;
			sourceTree = "<group>";
		};
		88A7576015936978003A767E /* Frameworks */ = {
			isa = PBXGroup;
			children = (
				88A7576115936978003A767E /* UIKit.framework */,
				88A7576315936978003A767E /* Foundation.framework */,
				88A7576515936978003A767E /* CoreGraphics.framework */,
				88A7577915936978003A767E /* SenTestingKit.framework */,
			);
			name = Frameworks;
			sourceTree = "<group>";
		};
		88A7576715936978003A767E /* sample_application */ = {
			isa = PBXGroup;
			children = (
				88A7577015936978003A767E /* AppDelegate.h */,
				88A7577115936978003A767E /* AppDelegate.m */,
				88A7576815936978003A767E /* Supporting Files */,
				88E57E181593C4EE00583FB9 /* MainViewController.h */,
				88E57E191593C4EE00583FB9 /* MainViewController.m */,
				88E57E1A1593C4EE00583FB9 /* MainViewController.xib */,
			);
			name = sample_application;
			path = cartoDB_client;
			sourceTree = "<group>";
		};
		88A7576815936978003A767E /* Supporting Files */ = {
			isa = PBXGroup;
			children = (
				88A7576915936978003A767E /* cartoDB_client-Info.plist */,
				88E57E261593D79100583FB9 /* InfoPlist.strings */,
				88A7576D15936978003A767E /* main.m */,
				88A7576F15936978003A767E /* cartoDB_client-Prefix.pch */,
			);
			name = "Supporting Files";
			sourceTree = "<group>";
		};
		88A7577F15936978003A767E /* cartoDB_clientTests */ = {
			isa = PBXGroup;
			children = (
				887EFD8915A4A365009F7153 /* CartoDBClientTests.h */,
				887EFD8A15A4A365009F7153 /* CartoDBDataProviderHTTPTests.h */,
				887EFD8B15A4A365009F7153 /* CartoDBDataProviderStatic.h */,
				887EFD8C15A4A365009F7153 /* CartoDBResponseTests.h */,
				887EFD8D15A4A365009F7153 /* CartoDBClientTests.m */,
				887EFD8E15A4A365009F7153 /* CartoDBDataProviderHTTPTests.m */,
				887EFD8F15A4A365009F7153 /* CartoDBDataProviderStatic.m */,
				887EFD9015A4A365009F7153 /* CartoDBResponseTests.m */,
			);
			path = cartoDB_clientTests;
			sourceTree = "<group>";
		};
		88A7580615937252003A767E /* client */ = {
			isa = PBXGroup;
			children = (
				887EFD9515A4A37B009F7153 /* CartoDB.h */,
				887EFD9615A4A37B009F7153 /* CartoDBClient.h */,
				887EFD9E15A4A37B009F7153 /* CartoDBClient.m */,
				887EFD9715A4A37B009F7153 /* CartoDBCredentials.h */,
				887EFD9F15A4A37B009F7153 /* CartoDBCredentials.m */,
				887EFD9815A4A37B009F7153 /* CartoDBCredentialsApiKey.h */,
				887EFDA015A4A37B009F7153 /* CartoDBCredentialsApiKey.m */,
				887EFD9915A4A37B009F7153 /* CartoDBDataProvider.h */,
				887EFDA115A4A37B009F7153 /* CartoDBDataProvider.m */,
				887EFD9A15A4A37B009F7153 /* CartoDBDataProviderHTTP.h */,
				887EFDA215A4A37B009F7153 /* CartoDBDataProviderHTTP.m */,
				887EFD9B15A4A37B009F7153 /* CartoDBResponse.h */,
				887EFDA315A4A37B009F7153 /* CartoDBResponse.m */,
				887EFD9C15A4A37B009F7153 /* macros.h */,
				887EFD9D15A4A37B009F7153 /* NSError+Log.h */,
				887EFDA415A4A37B009F7153 /* NSError+Log.m */,
			);
			name = client;
			path = cartoDB_client;
			sourceTree = "<group>";
		};
		88B17DCC1599B66000F0DBEC /* json-framework */ = {
			isa = PBXGroup;
			children = (
				88B17DCF1599B66000F0DBEC /* SBJson.h */,
				88B17DD01599B66000F0DBEC /* SBJsonParser.h */,
				88B17DD11599B66000F0DBEC /* SBJsonParser.m */,
				88B17DD21599B66000F0DBEC /* SBJsonStreamParser.h */,
				88B17DD31599B66000F0DBEC /* SBJsonStreamParser.m */,
				88B17DD41599B66000F0DBEC /* SBJsonStreamParserAccumulator.h */,
				88B17DD51599B66000F0DBEC /* SBJsonStreamParserAccumulator.m */,
				88B17DD61599B66000F0DBEC /* SBJsonStreamParserAdapter.h */,
				88B17DD71599B66000F0DBEC /* SBJsonStreamParserAdapter.m */,
				88B17DD81599B66000F0DBEC /* SBJsonStreamParserState.h */,
				88B17DD91599B66000F0DBEC /* SBJsonStreamParserState.m */,
				88B17DDA1599B66000F0DBEC /* SBJsonStreamWriter.h */,
				88B17DE01599B66000F0DBEC /* SBJsonTokeniser.h */,
				88B17DE11599B66000F0DBEC /* SBJsonTokeniser.m */,
				88B17DE21599B66000F0DBEC /* SBJsonUTF8Stream.h */,
				88B17DE31599B66000F0DBEC /* SBJsonUTF8Stream.m */,
			);
			name = "json-framework";
			path = "json-framework/Classes";
			sourceTree = "<group>";
		};
/* End PBXGroup section */

/* Begin PBXNativeTarget section */
		88A7575C15936978003A767E /* cartoDB_client */ = {
			isa = PBXNativeTarget;
			buildConfigurationList = 88A7578A15936978003A767E /* Build configuration list for PBXNativeTarget "cartoDB_client" */;
			buildPhases = (
				88A7575915936978003A767E /* Sources */,
				88A7575A15936978003A767E /* Frameworks */,
				88A7575B15936978003A767E /* Resources */,
			);
			buildRules = (
			);
			dependencies = (
			);
			name = cartoDB_client;
			productName = cartoDB_client;
			productReference = 88A7575D15936978003A767E /* cartoDB_client.app */;
			productType = "com.apple.product-type.application";
		};
		88A7577715936978003A767E /* cartoDB_clientTests */ = {
			isa = PBXNativeTarget;
			buildConfigurationList = 88A7578D15936978003A767E /* Build configuration list for PBXNativeTarget "cartoDB_clientTests" */;
			buildPhases = (
				88A7577315936978003A767E /* Sources */,
				88A7577415936978003A767E /* Frameworks */,
				88A7577515936978003A767E /* Resources */,
				88A7577615936978003A767E /* ShellScript */,
			);
			buildRules = (
			);
			dependencies = (
				88A7577E15936978003A767E /* PBXTargetDependency */,
			);
			name = cartoDB_clientTests;
			productName = cartoDB_clientTests;
			productReference = 88A7577815936978003A767E /* cartoDB_clientTests.octest */;
			productType = "com.apple.product-type.bundle";
		};
/* End PBXNativeTarget section */

/* Begin PBXProject section */
		88A7575415936977003A767E /* Project object */ = {
			isa = PBXProject;
			attributes = {
				LastUpgradeCheck = 0430;
			};
			buildConfigurationList = 88A7575715936977003A767E /* Build configuration list for PBXProject "cartoDB_client" */;
			compatibilityVersion = "Xcode 3.2";
			developmentRegion = English;
			hasScannedForEncodings = 0;
			knownRegions = (
				en,
			);
			mainGroup = 88A7575215936977003A767E;
			productRefGroup = 88A7575E15936978003A767E /* Products */;
			projectDirPath = "";
			projectRoot = "";
			targets = (
				88A7575C15936978003A767E /* cartoDB_client */,
				88A7577715936978003A767E /* cartoDB_clientTests */,
			);
		};
/* End PBXProject section */

/* Begin PBXResourcesBuildPhase section */
		88A7575B15936978003A767E /* Resources */ = {
			isa = PBXResourcesBuildPhase;
			buildActionMask = 2147483647;
			files = (
				88E57E251593D79100583FB9 /* InfoPlist.strings in Resources */,
				88E57E1C1593C4EE00583FB9 /* MainViewController.xib in Resources */,
			);
			runOnlyForDeploymentPostprocessing = 0;
		};
		88A7577515936978003A767E /* Resources */ = {
			isa = PBXResourcesBuildPhase;
			buildActionMask = 2147483647;
			files = (
			);
			runOnlyForDeploymentPostprocessing = 0;
		};
/* End PBXResourcesBuildPhase section */

/* Begin PBXShellScriptBuildPhase section */
		88A7577615936978003A767E /* ShellScript */ = {
			isa = PBXShellScriptBuildPhase;
			buildActionMask = 2147483647;
			files = (
			);
			inputPaths = (
			);
			outputPaths = (
			);
			runOnlyForDeploymentPostprocessing = 0;
			shellPath = /bin/sh;
			shellScript = "# Run the unit tests in this test bundle.\n\"${SYSTEM_DEVELOPER_DIR}/Tools/RunUnitTests\"\n";
		};
/* End PBXShellScriptBuildPhase section */

/* Begin PBXSourcesBuildPhase section */
		88A7575915936978003A767E /* Sources */ = {
			isa = PBXSourcesBuildPhase;
			buildActionMask = 2147483647;
			files = (
				88A7576E15936978003A767E /* main.m in Sources */,
				88A7577215936978003A767E /* AppDelegate.m in Sources */,
				88E57E1B1593C4EE00583FB9 /* MainViewController.m in Sources */,
				88B17DE71599B66000F0DBEC /* SBJsonParser.m in Sources */,
				88B17DE81599B66000F0DBEC /* SBJsonStreamParser.m in Sources */,
				88B17DE91599B66000F0DBEC /* SBJsonStreamParserAccumulator.m in Sources */,
				88B17DEA1599B66000F0DBEC /* SBJsonStreamParserAdapter.m in Sources */,
				88B17DEB1599B66000F0DBEC /* SBJsonStreamParserState.m in Sources */,
				88B17DEF1599B66000F0DBEC /* SBJsonTokeniser.m in Sources */,
				88B17DF01599B66000F0DBEC /* SBJsonUTF8Stream.m in Sources */,
				887EFDA515A4A37B009F7153 /* CartoDBClient.m in Sources */,
				887EFDA615A4A37B009F7153 /* CartoDBCredentials.m in Sources */,
				887EFDA715A4A37B009F7153 /* CartoDBCredentialsApiKey.m in Sources */,
				887EFDA815A4A37B009F7153 /* CartoDBDataProvider.m in Sources */,
				887EFDA915A4A37B009F7153 /* CartoDBDataProviderHTTP.m in Sources */,
				887EFDAA15A4A37B009F7153 /* CartoDBResponse.m in Sources */,
				887EFDAB15A4A37B009F7153 /* NSError+Log.m in Sources */,
			);
			runOnlyForDeploymentPostprocessing = 0;
		};
		88A7577315936978003A767E /* Sources */ = {
			isa = PBXSourcesBuildPhase;
			buildActionMask = 2147483647;
			files = (
				887EFD9115A4A365009F7153 /* CartoDBClientTests.m in Sources */,
				887EFD9215A4A365009F7153 /* CartoDBDataProviderHTTPTests.m in Sources */,
				887EFD9315A4A365009F7153 /* CartoDBDataProviderStatic.m in Sources */,
				887EFD9415A4A365009F7153 /* CartoDBResponseTests.m in Sources */,
			);
			runOnlyForDeploymentPostprocessing = 0;
		};
/* End PBXSourcesBuildPhase section */

/* Begin PBXTargetDependency section */
		88A7577E15936978003A767E /* PBXTargetDependency */ = {
			isa = PBXTargetDependency;
			target = 88A7575C15936978003A767E /* cartoDB_client */;
			targetProxy = 88A7577D15936978003A767E /* PBXContainerItemProxy */;
		};
/* End PBXTargetDependency section */

/* Begin XCBuildConfiguration section */
		88A7578815936978003A767E /* Debug */ = {
			isa = XCBuildConfiguration;
			buildSettings = {
				ALWAYS_SEARCH_USER_PATHS = NO;
				ARCHS = "$(ARCHS_STANDARD_32_BIT)";
				"CODE_SIGN_IDENTITY[sdk=iphoneos*]" = "iPhone Developer";
				COPY_PHASE_STRIP = NO;
				GCC_C_LANGUAGE_STANDARD = gnu99;
				GCC_DYNAMIC_NO_PIC = NO;
				GCC_OPTIMIZATION_LEVEL = 0;
				GCC_PREPROCESSOR_DEFINITIONS = (
					"DEBUG=1",
					"$(inherited)",
				);
				GCC_SYMBOLS_PRIVATE_EXTERN = NO;
				GCC_VERSION = com.apple.compilers.llvm.clang.1_0;
				GCC_WARN_ABOUT_RETURN_TYPE = YES;
				GCC_WARN_UNINITIALIZED_AUTOS = YES;
				GCC_WARN_UNUSED_VARIABLE = YES;
				IPHONEOS_DEPLOYMENT_TARGET = 5.1;
				SDKROOT = iphoneos;
				TARGETED_DEVICE_FAMILY = "1,2";
			};
			name = Debug;
		};
		88A7578915936978003A767E /* Release */ = {
			isa = XCBuildConfiguration;
			buildSettings = {
				ALWAYS_SEARCH_USER_PATHS = NO;
				ARCHS = "$(ARCHS_STANDARD_32_BIT)";
				"CODE_SIGN_IDENTITY[sdk=iphoneos*]" = "iPhone Developer";
				COPY_PHASE_STRIP = YES;
				GCC_C_LANGUAGE_STANDARD = gnu99;
				GCC_VERSION = com.apple.compilers.llvm.clang.1_0;
				GCC_WARN_ABOUT_RETURN_TYPE = YES;
				GCC_WARN_UNINITIALIZED_AUTOS = YES;
				GCC_WARN_UNUSED_VARIABLE = YES;
				IPHONEOS_DEPLOYMENT_TARGET = 5.1;
				OTHER_CFLAGS = "-DNS_BLOCK_ASSERTIONS=1";
				SDKROOT = iphoneos;
				TARGETED_DEVICE_FAMILY = "1,2";
				VALIDATE_PRODUCT = YES;
			};
			name = Release;
		};
		88A7578B15936978003A767E /* Debug */ = {
			isa = XCBuildConfiguration;
			buildSettings = {
				GCC_PRECOMPILE_PREFIX_HEADER = YES;
				GCC_PREFIX_HEADER = "cartoDB_client/cartoDB_client-Prefix.pch";
				INFOPLIST_FILE = "cartoDB_client/cartoDB_client-Info.plist";
				PRODUCT_NAME = cartoDB_client;
				WRAPPER_EXTENSION = app;
			};
			name = Debug;
		};
		88A7578C15936978003A767E /* Release */ = {
			isa = XCBuildConfiguration;
			buildSettings = {
				GCC_PRECOMPILE_PREFIX_HEADER = YES;
				GCC_PREFIX_HEADER = "cartoDB_client/cartoDB_client-Prefix.pch";
				INFOPLIST_FILE = "cartoDB_client/cartoDB_client-Info.plist";
				PRODUCT_NAME = cartoDB_client;
				WRAPPER_EXTENSION = app;
			};
			name = Release;
		};
		88A7578E15936978003A767E /* Debug */ = {
			isa = XCBuildConfiguration;
			buildSettings = {
				BUNDLE_LOADER = "$(BUILT_PRODUCTS_DIR)/cartoDB_client.app/cartoDB_client";
				FRAMEWORK_SEARCH_PATHS = (
					"$(SDKROOT)/Developer/Library/Frameworks",
					"$(DEVELOPER_LIBRARY_DIR)/Frameworks",
				);
				GCC_PRECOMPILE_PREFIX_HEADER = YES;
				GCC_PREFIX_HEADER = "cartoDB_client/cartoDB_client-Prefix.pch";
				INFOPLIST_FILE = "cartoDB_clientTests/cartoDB_clientTests-Info.plist";
				PRODUCT_NAME = cartoDB_clientTests;
				TEST_HOST = "$(BUNDLE_LOADER)";
				WRAPPER_EXTENSION = octest;
			};
			name = Debug;
		};
		88A7578F15936978003A767E /* Release */ = {
			isa = XCBuildConfiguration;
			buildSettings = {
				BUNDLE_LOADER = "$(BUILT_PRODUCTS_DIR)/cartoDB_client.app/cartoDB_client";
				FRAMEWORK_SEARCH_PATHS = (
					"$(SDKROOT)/Developer/Library/Frameworks",
					"$(DEVELOPER_LIBRARY_DIR)/Frameworks",
				);
				GCC_PRECOMPILE_PREFIX_HEADER = YES;
				GCC_PREFIX_HEADER = "cartoDB_client/cartoDB_client-Prefix.pch";
				INFOPLIST_FILE = "cartoDB_clientTests/cartoDB_clientTests-Info.plist";
				PRODUCT_NAME = cartoDB_clientTests;
				TEST_HOST = "$(BUNDLE_LOADER)";
				WRAPPER_EXTENSION = octest;
			};
			name = Release;
		};
/* End XCBuildConfiguration section */

/* Begin XCConfigurationList section */
		88A7575715936977003A767E /* Build configuration list for PBXProject "cartoDB_client" */ = {
			isa = XCConfigurationList;
			buildConfigurations = (
				88A7578815936978003A767E /* Debug */,
				88A7578915936978003A767E /* Release */,
			);
			defaultConfigurationIsVisible = 0;
			defaultConfigurationName = Release;
		};
		88A7578A15936978003A767E /* Build configuration list for PBXNativeTarget "cartoDB_client" */ = {
			isa = XCConfigurationList;
			buildConfigurations = (
				88A7578B15936978003A767E /* Debug */,
				88A7578C15936978003A767E /* Release */,
			);
			defaultConfigurationIsVisible = 0;
			defaultConfigurationName = Release;
		};
		88A7578D15936978003A767E /* Build configuration list for PBXNativeTarget "cartoDB_clientTests" */ = {
			isa = XCConfigurationList;
			buildConfigurations = (
				88A7578E15936978003A767E /* Debug */,
				88A7578F15936978003A767E /* Release */,
			);
			defaultConfigurationIsVisible = 0;
			defaultConfigurationName = Release;
		};
/* End XCConfigurationList section */
	};
	rootObject = 88A7575415936977003A767E /* Project object */;
}
